// !$*UTF8*$!
{
	archiveVersion = 1;
	classes = {
	};
	objectVersion = 46;
	objects = {

/* Begin PBXBuildFile section */
		014ADECA89824FD76824F95C /* libPods-GravityUITests.a in Frameworks */ = {isa = PBXBuildFile; fileRef = C27E1C97FD4D12D70540DE4A /* libPods-GravityUITests.a */; };
		184EFB99B2DB4A8756CD293B /* libPods-Gravity.a in Frameworks */ = {isa = PBXBuildFile; fileRef = 09B925554E87C962CED6C12B /* libPods-Gravity.a */; };
		8EFE43BF64FDF919A37869C4 /* libPods-GravityTests.a in Frameworks */ = {isa = PBXBuildFile; fileRef = 04027853D8458B91E8E80992 /* libPods-GravityTests.a */; };
		DC18284E1BB1D01300997DD2 /* main.m in Sources */ = {isa = PBXBuildFile; fileRef = DC18284D1BB1D01300997DD2 /* main.m */; };
		DC1828511BB1D01300997DD2 /* AppDelegate.m in Sources */ = {isa = PBXBuildFile; fileRef = DC1828501BB1D01300997DD2 /* AppDelegate.m */; };
		DC1828541BB1D01300997DD2 /* MainViewController.m in Sources */ = {isa = PBXBuildFile; fileRef = DC1828531BB1D01300997DD2 /* MainViewController.m */; };
		DC1828571BB1D01300997DD2 /* Main.storyboard in Resources */ = {isa = PBXBuildFile; fileRef = DC1828551BB1D01300997DD2 /* Main.storyboard */; };
		DC1828591BB1D01300997DD2 /* Assets.xcassets in Resources */ = {isa = PBXBuildFile; fileRef = DC1828581BB1D01300997DD2 /* Assets.xcassets */; };
		DC18285C1BB1D01300997DD2 /* LaunchScreen.storyboard in Resources */ = {isa = PBXBuildFile; fileRef = DC18285A1BB1D01300997DD2 /* LaunchScreen.storyboard */; };
		DC1828671BB1D01300997DD2 /* GravityTests.m in Sources */ = {isa = PBXBuildFile; fileRef = DC1828661BB1D01300997DD2 /* GravityTests.m */; };
		DC1828721BB1D01300997DD2 /* GravityUITests.m in Sources */ = {isa = PBXBuildFile; fileRef = DC1828711BB1D01300997DD2 /* GravityUITests.m */; };
		DC1828821BB1D0FC00997DD2 /* Fabric.framework in Frameworks */ = {isa = PBXBuildFile; fileRef = DC1828801BB1D0FC00997DD2 /* Fabric.framework */; settings = {ASSET_TAGS = (); }; };
		DC1828831BB1D0FC00997DD2 /* Crashlytics.framework in Frameworks */ = {isa = PBXBuildFile; fileRef = DC1828811BB1D0FC00997DD2 /* Crashlytics.framework */; settings = {ASSET_TAGS = (); }; };
		DC1828861BB1D54400997DD2 /* InstructionsViewController.m in Sources */ = {isa = PBXBuildFile; fileRef = DC1828851BB1D54400997DD2 /* InstructionsViewController.m */; settings = {ASSET_TAGS = (); }; };
		DC1828891BB1D5B000997DD2 /* UIColor+AppColors.m in Sources */ = {isa = PBXBuildFile; fileRef = DC1828881BB1D5B000997DD2 /* UIColor+AppColors.m */; settings = {ASSET_TAGS = (); }; };
		DC18288E1BB1D6B700997DD2 /* Constants.m in Sources */ = {isa = PBXBuildFile; fileRef = DC18288D1BB1D6B700997DD2 /* Constants.m */; settings = {ASSET_TAGS = (); }; };
		DC1828921BB1DE3E00997DD2 /* InstructionViewController.m in Sources */ = {isa = PBXBuildFile; fileRef = DC1828911BB1DE3E00997DD2 /* InstructionViewController.m */; settings = {ASSET_TAGS = (); }; };
		DC1828961BB229EB00997DD2 /* GhostButton.m in Sources */ = {isa = PBXBuildFile; fileRef = DC1828951BB229EB00997DD2 /* GhostButton.m */; settings = {ASSET_TAGS = (); }; };
		DC1828991BB256AF00997DD2 /* UIImage+ImageWithColor.m in Sources */ = {isa = PBXBuildFile; fileRef = DC1828981BB256AF00997DD2 /* UIImage+ImageWithColor.m */; settings = {ASSET_TAGS = (); }; };
/* End PBXBuildFile section */

/* Begin PBXContainerItemProxy section */
		DC1828631BB1D01300997DD2 /* PBXContainerItemProxy */ = {
			isa = PBXContainerItemProxy;
			containerPortal = DC1828411BB1D01200997DD2 /* Project object */;
			proxyType = 1;
			remoteGlobalIDString = DC1828481BB1D01300997DD2;
			remoteInfo = Gravity;
		};
		DC18286E1BB1D01300997DD2 /* PBXContainerItemProxy */ = {
			isa = PBXContainerItemProxy;
			containerPortal = DC1828411BB1D01200997DD2 /* Project object */;
			proxyType = 1;
			remoteGlobalIDString = DC1828481BB1D01300997DD2;
			remoteInfo = Gravity;
		};
/* End PBXContainerItemProxy section */

/* Begin PBXFileReference section */
		04027853D8458B91E8E80992 /* libPods-GravityTests.a */ = {isa = PBXFileReference; explicitFileType = archive.ar; includeInIndex = 0; path = "libPods-GravityTests.a"; sourceTree = BUILT_PRODUCTS_DIR; };
		09B925554E87C962CED6C12B /* libPods-Gravity.a */ = {isa = PBXFileReference; explicitFileType = archive.ar; includeInIndex = 0; path = "libPods-Gravity.a"; sourceTree = BUILT_PRODUCTS_DIR; };
		0B063946473B63D1BC0D7D31 /* Pods-Gravity.debug.xcconfig */ = {isa = PBXFileReference; includeInIndex = 1; lastKnownFileType = text.xcconfig; name = "Pods-Gravity.debug.xcconfig"; path = "Pods/Target Support Files/Pods-Gravity/Pods-Gravity.debug.xcconfig"; sourceTree = "<group>"; };
		3DA70EB5CAEB37B328D50C70 /* Pods-GravityUITests.release.xcconfig */ = {isa = PBXFileReference; includeInIndex = 1; lastKnownFileType = text.xcconfig; name = "Pods-GravityUITests.release.xcconfig"; path = "Pods/Target Support Files/Pods-GravityUITests/Pods-GravityUITests.release.xcconfig"; sourceTree = "<group>"; };
		69C51726814CD18C39BF7F2E /* Pods-GravityUITests.debug.xcconfig */ = {isa = PBXFileReference; includeInIndex = 1; lastKnownFileType = text.xcconfig; name = "Pods-GravityUITests.debug.xcconfig"; path = "Pods/Target Support Files/Pods-GravityUITests/Pods-GravityUITests.debug.xcconfig"; sourceTree = "<group>"; };
		7C3F56E258E485D8CA4B5110 /* Pods-GravityTests.debug.xcconfig */ = {isa = PBXFileReference; includeInIndex = 1; lastKnownFileType = text.xcconfig; name = "Pods-GravityTests.debug.xcconfig"; path = "Pods/Target Support Files/Pods-GravityTests/Pods-GravityTests.debug.xcconfig"; sourceTree = "<group>"; };
		8A4C67706398C13C2E405B4B /* Pods-Gravity.release.xcconfig */ = {isa = PBXFileReference; includeInIndex = 1; lastKnownFileType = text.xcconfig; name = "Pods-Gravity.release.xcconfig"; path = "Pods/Target Support Files/Pods-Gravity/Pods-Gravity.release.xcconfig"; sourceTree = "<group>"; };
		AEA7947AD685A68618C1FB6D /* Pods-GravityTests.release.xcconfig */ = {isa = PBXFileReference; includeInIndex = 1; lastKnownFileType = text.xcconfig; name = "Pods-GravityTests.release.xcconfig"; path = "Pods/Target Support Files/Pods-GravityTests/Pods-GravityTests.release.xcconfig"; sourceTree = "<group>"; };
		C27E1C97FD4D12D70540DE4A /* libPods-GravityUITests.a */ = {isa = PBXFileReference; explicitFileType = archive.ar; includeInIndex = 0; path = "libPods-GravityUITests.a"; sourceTree = BUILT_PRODUCTS_DIR; };
		DC1828491BB1D01300997DD2 /* Gravity.app */ = {isa = PBXFileReference; explicitFileType = wrapper.application; includeInIndex = 0; path = Gravity.app; sourceTree = BUILT_PRODUCTS_DIR; };
		DC18284D1BB1D01300997DD2 /* main.m */ = {isa = PBXFileReference; lastKnownFileType = sourcecode.c.objc; path = main.m; sourceTree = "<group>"; };
		DC18284F1BB1D01300997DD2 /* AppDelegate.h */ = {isa = PBXFileReference; lastKnownFileType = sourcecode.c.h; path = AppDelegate.h; sourceTree = "<group>"; };
		DC1828501BB1D01300997DD2 /* AppDelegate.m */ = {isa = PBXFileReference; lastKnownFileType = sourcecode.c.objc; path = AppDelegate.m; sourceTree = "<group>"; };
		DC1828521BB1D01300997DD2 /* MainViewController.h */ = {isa = PBXFileReference; lastKnownFileType = sourcecode.c.h; path = MainViewController.h; sourceTree = "<group>"; };
		DC1828531BB1D01300997DD2 /* MainViewController.m */ = {isa = PBXFileReference; lastKnownFileType = sourcecode.c.objc; path = MainViewController.m; sourceTree = "<group>"; };
		DC1828561BB1D01300997DD2 /* Base */ = {isa = PBXFileReference; lastKnownFileType = file.storyboard; name = Base; path = Base.lproj/Main.storyboard; sourceTree = "<group>"; };
		DC1828581BB1D01300997DD2 /* Assets.xcassets */ = {isa = PBXFileReference; lastKnownFileType = folder.assetcatalog; path = Assets.xcassets; sourceTree = "<group>"; };
		DC18285B1BB1D01300997DD2 /* Base */ = {isa = PBXFileReference; lastKnownFileType = file.storyboard; name = Base; path = Base.lproj/LaunchScreen.storyboard; sourceTree = "<group>"; };
		DC18285D1BB1D01300997DD2 /* Info.plist */ = {isa = PBXFileReference; lastKnownFileType = text.plist.xml; path = Info.plist; sourceTree = "<group>"; };
		DC1828621BB1D01300997DD2 /* GravityTests.xctest */ = {isa = PBXFileReference; explicitFileType = wrapper.cfbundle; includeInIndex = 0; path = GravityTests.xctest; sourceTree = BUILT_PRODUCTS_DIR; };
		DC1828661BB1D01300997DD2 /* GravityTests.m */ = {isa = PBXFileReference; lastKnownFileType = sourcecode.c.objc; path = GravityTests.m; sourceTree = "<group>"; };
		DC1828681BB1D01300997DD2 /* Info.plist */ = {isa = PBXFileReference; lastKnownFileType = text.plist.xml; path = Info.plist; sourceTree = "<group>"; };
		DC18286D1BB1D01300997DD2 /* GravityUITests.xctest */ = {isa = PBXFileReference; explicitFileType = wrapper.cfbundle; includeInIndex = 0; path = GravityUITests.xctest; sourceTree = BUILT_PRODUCTS_DIR; };
		DC1828711BB1D01300997DD2 /* GravityUITests.m */ = {isa = PBXFileReference; lastKnownFileType = sourcecode.c.objc; path = GravityUITests.m; sourceTree = "<group>"; };
		DC1828731BB1D01300997DD2 /* Info.plist */ = {isa = PBXFileReference; lastKnownFileType = text.plist.xml; path = Info.plist; sourceTree = "<group>"; };
		DC1828801BB1D0FC00997DD2 /* Fabric.framework */ = {isa = PBXFileReference; lastKnownFileType = wrapper.framework; path = Fabric.framework; sourceTree = "<group>"; };
		DC1828811BB1D0FC00997DD2 /* Crashlytics.framework */ = {isa = PBXFileReference; lastKnownFileType = wrapper.framework; path = Crashlytics.framework; sourceTree = "<group>"; };
		DC1828841BB1D54400997DD2 /* InstructionsViewController.h */ = {isa = PBXFileReference; fileEncoding = 4; lastKnownFileType = sourcecode.c.h; path = InstructionsViewController.h; sourceTree = "<group>"; };
		DC1828851BB1D54400997DD2 /* InstructionsViewController.m */ = {isa = PBXFileReference; fileEncoding = 4; lastKnownFileType = sourcecode.c.objc; path = InstructionsViewController.m; sourceTree = "<group>"; };
		DC1828871BB1D5B000997DD2 /* UIColor+AppColors.h */ = {isa = PBXFileReference; fileEncoding = 4; lastKnownFileType = sourcecode.c.h; path = "UIColor+AppColors.h"; sourceTree = "<group>"; };
		DC1828881BB1D5B000997DD2 /* UIColor+AppColors.m */ = {isa = PBXFileReference; fileEncoding = 4; lastKnownFileType = sourcecode.c.objc; path = "UIColor+AppColors.m"; sourceTree = "<group>"; };
		DC18288C1BB1D69400997DD2 /* PrefixHeader.pch */ = {isa = PBXFileReference; lastKnownFileType = sourcecode.c.h; path = PrefixHeader.pch; sourceTree = "<group>"; };
		DC18288D1BB1D6B700997DD2 /* Constants.m */ = {isa = PBXFileReference; fileEncoding = 4; lastKnownFileType = sourcecode.c.objc; path = Constants.m; sourceTree = "<group>"; };
		DC18288F1BB1D6C300997DD2 /* Constants.h */ = {isa = PBXFileReference; lastKnownFileType = sourcecode.c.h; path = Constants.h; sourceTree = "<group>"; };
		DC1828901BB1DE3E00997DD2 /* InstructionViewController.h */ = {isa = PBXFileReference; fileEncoding = 4; lastKnownFileType = sourcecode.c.h; path = InstructionViewController.h; sourceTree = "<group>"; };
		DC1828911BB1DE3E00997DD2 /* InstructionViewController.m */ = {isa = PBXFileReference; fileEncoding = 4; lastKnownFileType = sourcecode.c.objc; path = InstructionViewController.m; sourceTree = "<group>"; };
		DC1828941BB229EB00997DD2 /* GhostButton.h */ = {isa = PBXFileReference; fileEncoding = 4; lastKnownFileType = sourcecode.c.h; path = GhostButton.h; sourceTree = "<group>"; };
		DC1828951BB229EB00997DD2 /* GhostButton.m */ = {isa = PBXFileReference; fileEncoding = 4; lastKnownFileType = sourcecode.c.objc; path = GhostButton.m; sourceTree = "<group>"; };
		DC1828971BB256AF00997DD2 /* UIImage+ImageWithColor.h */ = {isa = PBXFileReference; fileEncoding = 4; lastKnownFileType = sourcecode.c.h; path = "UIImage+ImageWithColor.h"; sourceTree = "<group>"; };
		DC1828981BB256AF00997DD2 /* UIImage+ImageWithColor.m */ = {isa = PBXFileReference; fileEncoding = 4; lastKnownFileType = sourcecode.c.objc; path = "UIImage+ImageWithColor.m"; sourceTree = "<group>"; };
/* End PBXFileReference section */

/* Begin PBXFrameworksBuildPhase section */
		DC1828461BB1D01300997DD2 /* Frameworks */ = {
			isa = PBXFrameworksBuildPhase;
			buildActionMask = 2147483647;
			files = (
				DC1828831BB1D0FC00997DD2 /* Crashlytics.framework in Frameworks */,
				DC1828821BB1D0FC00997DD2 /* Fabric.framework in Frameworks */,
				184EFB99B2DB4A8756CD293B /* libPods-Gravity.a in Frameworks */,
			);
			runOnlyForDeploymentPostprocessing = 0;
		};
		DC18285F1BB1D01300997DD2 /* Frameworks */ = {
			isa = PBXFrameworksBuildPhase;
			buildActionMask = 2147483647;
			files = (
				8EFE43BF64FDF919A37869C4 /* libPods-GravityTests.a in Frameworks */,
			);
			runOnlyForDeploymentPostprocessing = 0;
		};
		DC18286A1BB1D01300997DD2 /* Frameworks */ = {
			isa = PBXFrameworksBuildPhase;
			buildActionMask = 2147483647;
			files = (
				014ADECA89824FD76824F95C /* libPods-GravityUITests.a in Frameworks */,
			);
			runOnlyForDeploymentPostprocessing = 0;
		};
/* End PBXFrameworksBuildPhase section */

/* Begin PBXGroup section */
		C0F6DB8113201F07177EFAC7 /* Pods */ = {
			isa = PBXGroup;
			children = (
				0B063946473B63D1BC0D7D31 /* Pods-Gravity.debug.xcconfig */,
				8A4C67706398C13C2E405B4B /* Pods-Gravity.release.xcconfig */,
				7C3F56E258E485D8CA4B5110 /* Pods-GravityTests.debug.xcconfig */,
				AEA7947AD685A68618C1FB6D /* Pods-GravityTests.release.xcconfig */,
				69C51726814CD18C39BF7F2E /* Pods-GravityUITests.debug.xcconfig */,
				3DA70EB5CAEB37B328D50C70 /* Pods-GravityUITests.release.xcconfig */,
			);
			name = Pods;
			sourceTree = "<group>";
		};
		D1321EE4D91DE2FB4B05201D /* Frameworks */ = {
			isa = PBXGroup;
			children = (
				09B925554E87C962CED6C12B /* libPods-Gravity.a */,
				04027853D8458B91E8E80992 /* libPods-GravityTests.a */,
				C27E1C97FD4D12D70540DE4A /* libPods-GravityUITests.a */,
			);
			name = Frameworks;
			sourceTree = "<group>";
		};
		DC1828401BB1D01200997DD2 = {
			isa = PBXGroup;
			children = (
				DC1828801BB1D0FC00997DD2 /* Fabric.framework */,
				DC1828811BB1D0FC00997DD2 /* Crashlytics.framework */,
				DC18284B1BB1D01300997DD2 /* Gravity */,
				DC1828651BB1D01300997DD2 /* GravityTests */,
				DC1828701BB1D01300997DD2 /* GravityUITests */,
				DC18284A1BB1D01300997DD2 /* Products */,
				C0F6DB8113201F07177EFAC7 /* Pods */,
				D1321EE4D91DE2FB4B05201D /* Frameworks */,
			);
			sourceTree = "<group>";
		};
		DC18284A1BB1D01300997DD2 /* Products */ = {
			isa = PBXGroup;
			children = (
				DC1828491BB1D01300997DD2 /* Gravity.app */,
				DC1828621BB1D01300997DD2 /* GravityTests.xctest */,
				DC18286D1BB1D01300997DD2 /* GravityUITests.xctest */,
			);
			name = Products;
			sourceTree = "<group>";
		};
		DC18284B1BB1D01300997DD2 /* Gravity */ = {
			isa = PBXGroup;
			children = (
				DC18288A1BB1D5DB00997DD2 /* Utilities */,
				DC18284F1BB1D01300997DD2 /* AppDelegate.h */,
				DC1828501BB1D01300997DD2 /* AppDelegate.m */,
				DC1828931BB1DEA200997DD2 /* Instructions */,
				DC1828521BB1D01300997DD2 /* MainViewController.h */,
				DC1828531BB1D01300997DD2 /* MainViewController.m */,
				DC1828551BB1D01300997DD2 /* Main.storyboard */,
				DC1828581BB1D01300997DD2 /* Assets.xcassets */,
				DC18285A1BB1D01300997DD2 /* LaunchScreen.storyboard */,
				DC18285D1BB1D01300997DD2 /* Info.plist */,
				DC18284C1BB1D01300997DD2 /* Supporting Files */,
			);
			path = Gravity;
			sourceTree = "<group>";
		};
		DC18284C1BB1D01300997DD2 /* Supporting Files */ = {
			isa = PBXGroup;
			children = (
				DC18288C1BB1D69400997DD2 /* PrefixHeader.pch */,
				DC18284D1BB1D01300997DD2 /* main.m */,
				DC18288F1BB1D6C300997DD2 /* Constants.h */,
				DC18288D1BB1D6B700997DD2 /* Constants.m */,
			);
			name = "Supporting Files";
			sourceTree = "<group>";
		};
		DC1828651BB1D01300997DD2 /* GravityTests */ = {
			isa = PBXGroup;
			children = (
				DC1828661BB1D01300997DD2 /* GravityTests.m */,
				DC1828681BB1D01300997DD2 /* Info.plist */,
			);
			path = GravityTests;
			sourceTree = "<group>";
		};
		DC1828701BB1D01300997DD2 /* GravityUITests */ = {
			isa = PBXGroup;
			children = (
				DC1828711BB1D01300997DD2 /* GravityUITests.m */,
				DC1828731BB1D01300997DD2 /* Info.plist */,
			);
			path = GravityUITests;
			sourceTree = "<group>";
		};
		DC18288A1BB1D5DB00997DD2 /* Utilities */ = {
			isa = PBXGroup;
			children = (
				DC1828971BB256AF00997DD2 /* UIImage+ImageWithColor.h */,
				DC1828981BB256AF00997DD2 /* UIImage+ImageWithColor.m */,
				DC1828871BB1D5B000997DD2 /* UIColor+AppColors.h */,
				DC1828881BB1D5B000997DD2 /* UIColor+AppColors.m */,
			);
			name = Utilities;
			sourceTree = "<group>";
		};
		DC1828931BB1DEA200997DD2 /* Instructions */ = {
			isa = PBXGroup;
			children = (
				DC1828841BB1D54400997DD2 /* InstructionsViewController.h */,
				DC1828851BB1D54400997DD2 /* InstructionsViewController.m */,
				DC1828901BB1DE3E00997DD2 /* InstructionViewController.h */,
				DC1828911BB1DE3E00997DD2 /* InstructionViewController.m */,
				DC1828941BB229EB00997DD2 /* GhostButton.h */,
				DC1828951BB229EB00997DD2 /* GhostButton.m */,
			);
			name = Instructions;
			sourceTree = "<group>";
		};
/* End PBXGroup section */

/* Begin PBXNativeTarget section */
		DC1828481BB1D01300997DD2 /* Gravity */ = {
			isa = PBXNativeTarget;
			buildConfigurationList = DC1828761BB1D01300997DD2 /* Build configuration list for PBXNativeTarget "Gravity" */;
			buildPhases = (
				E335CC17C7A62F783991A59C /* Check Pods Manifest.lock */,
				DC1828451BB1D01300997DD2 /* Sources */,
				DC1828461BB1D01300997DD2 /* Frameworks */,
				DC1828471BB1D01300997DD2 /* Resources */,
				DC18287F1BB1D0D200997DD2 /* ShellScript */,
				6463FE1F5D72732D46CEA2B4 /* Copy Pods Resources */,
			);
			buildRules = (
			);
			dependencies = (
			);
			name = Gravity;
			productName = Gravity;
			productReference = DC1828491BB1D01300997DD2 /* Gravity.app */;
			productType = "com.apple.product-type.application";
		};
		DC1828611BB1D01300997DD2 /* GravityTests */ = {
			isa = PBXNativeTarget;
			buildConfigurationList = DC1828791BB1D01300997DD2 /* Build configuration list for PBXNativeTarget "GravityTests" */;
			buildPhases = (
				3539AC59A63B0D9EE085F749 /* Check Pods Manifest.lock */,
				DC18285E1BB1D01300997DD2 /* Sources */,
				DC18285F1BB1D01300997DD2 /* Frameworks */,
				DC1828601BB1D01300997DD2 /* Resources */,
				73A96AE9337648201E156300 /* Copy Pods Resources */,
			);
			buildRules = (
			);
			dependencies = (
				DC1828641BB1D01300997DD2 /* PBXTargetDependency */,
			);
			name = GravityTests;
			productName = GravityTests;
			productReference = DC1828621BB1D01300997DD2 /* GravityTests.xctest */;
			productType = "com.apple.product-type.bundle.unit-test";
		};
		DC18286C1BB1D01300997DD2 /* GravityUITests */ = {
			isa = PBXNativeTarget;
			buildConfigurationList = DC18287C1BB1D01300997DD2 /* Build configuration list for PBXNativeTarget "GravityUITests" */;
			buildPhases = (
				11A58CC47D4DD5301347D07C /* Check Pods Manifest.lock */,
				DC1828691BB1D01300997DD2 /* Sources */,
				DC18286A1BB1D01300997DD2 /* Frameworks */,
				DC18286B1BB1D01300997DD2 /* Resources */,
				7224389AAA2708F0449EB7DB /* Copy Pods Resources */,
			);
			buildRules = (
			);
			dependencies = (
				DC18286F1BB1D01300997DD2 /* PBXTargetDependency */,
			);
			name = GravityUITests;
			productName = GravityUITests;
			productReference = DC18286D1BB1D01300997DD2 /* GravityUITests.xctest */;
			productType = "com.apple.product-type.bundle.ui-testing";
		};
/* End PBXNativeTarget section */

/* Begin PBXProject section */
		DC1828411BB1D01200997DD2 /* Project object */ = {
			isa = PBXProject;
			attributes = {
				LastUpgradeCheck = 0700;
				ORGANIZATIONNAME = "Ryan McLeod";
				TargetAttributes = {
					DC1828481BB1D01300997DD2 = {
						CreatedOnToolsVersion = 7.0;
					};
					DC1828611BB1D01300997DD2 = {
						CreatedOnToolsVersion = 7.0;
						TestTargetID = DC1828481BB1D01300997DD2;
					};
					DC18286C1BB1D01300997DD2 = {
						CreatedOnToolsVersion = 7.0;
						TestTargetID = DC1828481BB1D01300997DD2;
					};
				};
			};
			buildConfigurationList = DC1828441BB1D01200997DD2 /* Build configuration list for PBXProject "Gravity" */;
			compatibilityVersion = "Xcode 3.2";
			developmentRegion = English;
			hasScannedForEncodings = 0;
			knownRegions = (
				en,
				Base,
			);
			mainGroup = DC1828401BB1D01200997DD2;
			productRefGroup = DC18284A1BB1D01300997DD2 /* Products */;
			projectDirPath = "";
			projectRoot = "";
			targets = (
				DC1828481BB1D01300997DD2 /* Gravity */,
				DC1828611BB1D01300997DD2 /* GravityTests */,
				DC18286C1BB1D01300997DD2 /* GravityUITests */,
			);
		};
/* End PBXProject section */

/* Begin PBXResourcesBuildPhase section */
		DC1828471BB1D01300997DD2 /* Resources */ = {
			isa = PBXResourcesBuildPhase;
			buildActionMask = 2147483647;
			files = (
				DC18285C1BB1D01300997DD2 /* LaunchScreen.storyboard in Resources */,
				DC1828591BB1D01300997DD2 /* Assets.xcassets in Resources */,
				DC1828571BB1D01300997DD2 /* Main.storyboard in Resources */,
			);
			runOnlyForDeploymentPostprocessing = 0;
		};
		DC1828601BB1D01300997DD2 /* Resources */ = {
			isa = PBXResourcesBuildPhase;
			buildActionMask = 2147483647;
			files = (
			);
			runOnlyForDeploymentPostprocessing = 0;
		};
		DC18286B1BB1D01300997DD2 /* Resources */ = {
			isa = PBXResourcesBuildPhase;
			buildActionMask = 2147483647;
			files = (
			);
			runOnlyForDeploymentPostprocessing = 0;
		};
/* End PBXResourcesBuildPhase section */

/* Begin PBXShellScriptBuildPhase section */
		11A58CC47D4DD5301347D07C /* Check Pods Manifest.lock */ = {
			isa = PBXShellScriptBuildPhase;
			buildActionMask = 2147483647;
			files = (
			);
			inputPaths = (
			);
			name = "Check Pods Manifest.lock";
			outputPaths = (
			);
			runOnlyForDeploymentPostprocessing = 0;
			shellPath = /bin/sh;
			shellScript = "diff \"${PODS_ROOT}/../Podfile.lock\" \"${PODS_ROOT}/Manifest.lock\" > /dev/null\nif [[ $? != 0 ]] ; then\n    cat << EOM\nerror: The sandbox is not in sync with the Podfile.lock. Run 'pod install' or update your CocoaPods installation.\nEOM\n    exit 1\nfi\n";
			showEnvVarsInLog = 0;
		};
		3539AC59A63B0D9EE085F749 /* Check Pods Manifest.lock */ = {
			isa = PBXShellScriptBuildPhase;
			buildActionMask = 2147483647;
			files = (
			);
			inputPaths = (
			);
			name = "Check Pods Manifest.lock";
			outputPaths = (
			);
			runOnlyForDeploymentPostprocessing = 0;
			shellPath = /bin/sh;
			shellScript = "diff \"${PODS_ROOT}/../Podfile.lock\" \"${PODS_ROOT}/Manifest.lock\" > /dev/null\nif [[ $? != 0 ]] ; then\n    cat << EOM\nerror: The sandbox is not in sync with the Podfile.lock. Run 'pod install' or update your CocoaPods installation.\nEOM\n    exit 1\nfi\n";
			showEnvVarsInLog = 0;
		};
		6463FE1F5D72732D46CEA2B4 /* Copy Pods Resources */ = {
			isa = PBXShellScriptBuildPhase;
			buildActionMask = 2147483647;
			files = (
			);
			inputPaths = (
			);
			name = "Copy Pods Resources";
			outputPaths = (
			);
			runOnlyForDeploymentPostprocessing = 0;
			shellPath = /bin/sh;
			shellScript = "\"${SRCROOT}/Pods/Target Support Files/Pods-Gravity/Pods-Gravity-resources.sh\"\n";
			showEnvVarsInLog = 0;
		};
		7224389AAA2708F0449EB7DB /* Copy Pods Resources */ = {
			isa = PBXShellScriptBuildPhase;
			buildActionMask = 2147483647;
			files = (
			);
			inputPaths = (
			);
			name = "Copy Pods Resources";
			outputPaths = (
			);
			runOnlyForDeploymentPostprocessing = 0;
			shellPath = /bin/sh;
			shellScript = "\"${SRCROOT}/Pods/Target Support Files/Pods-GravityUITests/Pods-GravityUITests-resources.sh\"\n";
			showEnvVarsInLog = 0;
		};
		73A96AE9337648201E156300 /* Copy Pods Resources */ = {
			isa = PBXShellScriptBuildPhase;
			buildActionMask = 2147483647;
			files = (
			);
			inputPaths = (
			);
			name = "Copy Pods Resources";
			outputPaths = (
			);
			runOnlyForDeploymentPostprocessing = 0;
			shellPath = /bin/sh;
			shellScript = "\"${SRCROOT}/Pods/Target Support Files/Pods-GravityTests/Pods-GravityTests-resources.sh\"\n";
			showEnvVarsInLog = 0;
		};
		DC18287F1BB1D0D200997DD2 /* ShellScript */ = {
			isa = PBXShellScriptBuildPhase;
			buildActionMask = 2147483647;
			files = (
			);
			inputPaths = (
			);
			outputPaths = (
			);
			runOnlyForDeploymentPostprocessing = 0;
			shellPath = /bin/sh;
			shellScript = "./Fabric.framework/run 673738a1f47ec0da3396e3de86c334d12d2070dc 5edf2639ca144252ed06d41580f6c0fbede430c30d504fa2f8eb90d6162d0298";
		};
		E335CC17C7A62F783991A59C /* Check Pods Manifest.lock */ = {
			isa = PBXShellScriptBuildPhase;
			buildActionMask = 2147483647;
			files = (
			);
			inputPaths = (
			);
			name = "Check Pods Manifest.lock";
			outputPaths = (
			);
			runOnlyForDeploymentPostprocessing = 0;
			shellPath = /bin/sh;
			shellScript = "diff \"${PODS_ROOT}/../Podfile.lock\" \"${PODS_ROOT}/Manifest.lock\" > /dev/null\nif [[ $? != 0 ]] ; then\n    cat << EOM\nerror: The sandbox is not in sync with the Podfile.lock. Run 'pod install' or update your CocoaPods installation.\nEOM\n    exit 1\nfi\n";
			showEnvVarsInLog = 0;
		};
/* End PBXShellScriptBuildPhase section */

/* Begin PBXSourcesBuildPhase section */
		DC1828451BB1D01300997DD2 /* Sources */ = {
			isa = PBXSourcesBuildPhase;
			buildActionMask = 2147483647;
			files = (
				DC1828921BB1DE3E00997DD2 /* InstructionViewController.m in Sources */,
				DC1828991BB256AF00997DD2 /* UIImage+ImageWithColor.m in Sources */,
				DC1828961BB229EB00997DD2 /* GhostButton.m in Sources */,
				DC1828891BB1D5B000997DD2 /* UIColor+AppColors.m in Sources */,
				DC1828541BB1D01300997DD2 /* MainViewController.m in Sources */,
				DC1828511BB1D01300997DD2 /* AppDelegate.m in Sources */,
				DC18284E1BB1D01300997DD2 /* main.m in Sources */,
				DC1828861BB1D54400997DD2 /* InstructionsViewController.m in Sources */,
				DC18288E1BB1D6B700997DD2 /* Constants.m in Sources */,
			);
			runOnlyForDeploymentPostprocessing = 0;
		};
		DC18285E1BB1D01300997DD2 /* Sources */ = {
			isa = PBXSourcesBuildPhase;
			buildActionMask = 2147483647;
			files = (
				DC1828671BB1D01300997DD2 /* GravityTests.m in Sources */,
			);
			runOnlyForDeploymentPostprocessing = 0;
		};
		DC1828691BB1D01300997DD2 /* Sources */ = {
			isa = PBXSourcesBuildPhase;
			buildActionMask = 2147483647;
			files = (
				DC1828721BB1D01300997DD2 /* GravityUITests.m in Sources */,
			);
			runOnlyForDeploymentPostprocessing = 0;
		};
/* End PBXSourcesBuildPhase section */

/* Begin PBXTargetDependency section */
		DC1828641BB1D01300997DD2 /* PBXTargetDependency */ = {
			isa = PBXTargetDependency;
			target = DC1828481BB1D01300997DD2 /* Gravity */;
			targetProxy = DC1828631BB1D01300997DD2 /* PBXContainerItemProxy */;
		};
		DC18286F1BB1D01300997DD2 /* PBXTargetDependency */ = {
			isa = PBXTargetDependency;
			target = DC1828481BB1D01300997DD2 /* Gravity */;
			targetProxy = DC18286E1BB1D01300997DD2 /* PBXContainerItemProxy */;
		};
/* End PBXTargetDependency section */

/* Begin PBXVariantGroup section */
		DC1828551BB1D01300997DD2 /* Main.storyboard */ = {
			isa = PBXVariantGroup;
			children = (
				DC1828561BB1D01300997DD2 /* Base */,
			);
			name = Main.storyboard;
			sourceTree = "<group>";
		};
		DC18285A1BB1D01300997DD2 /* LaunchScreen.storyboard */ = {
			isa = PBXVariantGroup;
			children = (
				DC18285B1BB1D01300997DD2 /* Base */,
			);
			name = LaunchScreen.storyboard;
			sourceTree = "<group>";
		};
/* End PBXVariantGroup section */

/* Begin XCBuildConfiguration section */
		DC1828741BB1D01300997DD2 /* Debug */ = {
			isa = XCBuildConfiguration;
			buildSettings = {
				ALWAYS_SEARCH_USER_PATHS = NO;
				CLANG_CXX_LANGUAGE_STANDARD = "gnu++0x";
				CLANG_CXX_LIBRARY = "libc++";
				CLANG_ENABLE_MODULES = YES;
				CLANG_ENABLE_OBJC_ARC = YES;
				CLANG_WARN_BOOL_CONVERSION = YES;
				CLANG_WARN_CONSTANT_CONVERSION = YES;
				CLANG_WARN_DIRECT_OBJC_ISA_USAGE = YES_ERROR;
				CLANG_WARN_EMPTY_BODY = YES;
				CLANG_WARN_ENUM_CONVERSION = YES;
				CLANG_WARN_INT_CONVERSION = YES;
				CLANG_WARN_OBJC_ROOT_CLASS = YES_ERROR;
				CLANG_WARN_UNREACHABLE_CODE = YES;
				CLANG_WARN__DUPLICATE_METHOD_MATCH = YES;
				"CODE_SIGN_IDENTITY[sdk=iphoneos*]" = "iPhone Developer";
				COPY_PHASE_STRIP = NO;
				DEBUG_INFORMATION_FORMAT = dwarf;
				ENABLE_STRICT_OBJC_MSGSEND = YES;
				ENABLE_TESTABILITY = YES;
				GCC_C_LANGUAGE_STANDARD = gnu99;
				GCC_DYNAMIC_NO_PIC = NO;
				GCC_NO_COMMON_BLOCKS = YES;
				GCC_OPTIMIZATION_LEVEL = 0;
				GCC_PREPROCESSOR_DEFINITIONS = (
					"DEBUG=1",
					"$(inherited)",
				);
				GCC_WARN_64_TO_32_BIT_CONVERSION = YES;
				GCC_WARN_ABOUT_RETURN_TYPE = YES_ERROR;
				GCC_WARN_UNDECLARED_SELECTOR = YES;
				GCC_WARN_UNINITIALIZED_AUTOS = YES_AGGRESSIVE;
				GCC_WARN_UNUSED_FUNCTION = YES;
				GCC_WARN_UNUSED_VARIABLE = YES;
				IPHONEOS_DEPLOYMENT_TARGET = 9.0;
				MTL_ENABLE_DEBUG_INFO = YES;
				ONLY_ACTIVE_ARCH = YES;
				SDKROOT = iphoneos;
			};
			name = Debug;
		};
		DC1828751BB1D01300997DD2 /* Release */ = {
			isa = XCBuildConfiguration;
			buildSettings = {
				ALWAYS_SEARCH_USER_PATHS = NO;
				CLANG_CXX_LANGUAGE_STANDARD = "gnu++0x";
				CLANG_CXX_LIBRARY = "libc++";
				CLANG_ENABLE_MODULES = YES;
				CLANG_ENABLE_OBJC_ARC = YES;
				CLANG_WARN_BOOL_CONVERSION = YES;
				CLANG_WARN_CONSTANT_CONVERSION = YES;
				CLANG_WARN_DIRECT_OBJC_ISA_USAGE = YES_ERROR;
				CLANG_WARN_EMPTY_BODY = YES;
				CLANG_WARN_ENUM_CONVERSION = YES;
				CLANG_WARN_INT_CONVERSION = YES;
				CLANG_WARN_OBJC_ROOT_CLASS = YES_ERROR;
				CLANG_WARN_UNREACHABLE_CODE = YES;
				CLANG_WARN__DUPLICATE_METHOD_MATCH = YES;
				"CODE_SIGN_IDENTITY[sdk=iphoneos*]" = "iPhone Developer";
				COPY_PHASE_STRIP = NO;
				DEBUG_INFORMATION_FORMAT = "dwarf-with-dsym";
				ENABLE_NS_ASSERTIONS = NO;
				ENABLE_STRICT_OBJC_MSGSEND = YES;
				GCC_C_LANGUAGE_STANDARD = gnu99;
				GCC_NO_COMMON_BLOCKS = YES;
				GCC_WARN_64_TO_32_BIT_CONVERSION = YES;
				GCC_WARN_ABOUT_RETURN_TYPE = YES_ERROR;
				GCC_WARN_UNDECLARED_SELECTOR = YES;
				GCC_WARN_UNINITIALIZED_AUTOS = YES_AGGRESSIVE;
				GCC_WARN_UNUSED_FUNCTION = YES;
				GCC_WARN_UNUSED_VARIABLE = YES;
				IPHONEOS_DEPLOYMENT_TARGET = 9.0;
				MTL_ENABLE_DEBUG_INFO = NO;
				SDKROOT = iphoneos;
				VALIDATE_PRODUCT = YES;
			};
			name = Release;
		};
		DC1828771BB1D01300997DD2 /* Debug */ = {
			isa = XCBuildConfiguration;
			baseConfigurationReference = 0B063946473B63D1BC0D7D31 /* Pods-Gravity.debug.xcconfig */;
			buildSettings = {
				ASSETCATALOG_COMPILER_APPICON_NAME = AppIcon;
				DEBUG_INFORMATION_FORMAT = "dwarf-with-dsym";
				FRAMEWORK_SEARCH_PATHS = (
					"$(inherited)",
					"$(PROJECT_DIR)",
				);
				GCC_PRECOMPILE_PREFIX_HEADER = YES;
				GCC_PREFIX_HEADER = Gravity/PrefixHeader.pch;
				INFOPLIST_FILE = Gravity/Info.plist;
				LD_RUNPATH_SEARCH_PATHS = "$(inherited) @executable_path/Frameworks";
				PRODUCT_BUNDLE_IDENTIFIER = com.growpixel.gravity;
				PRODUCT_NAME = "$(TARGET_NAME)";
			};
			name = Debug;
		};
		DC1828781BB1D01300997DD2 /* Release */ = {
			isa = XCBuildConfiguration;
			baseConfigurationReference = 8A4C67706398C13C2E405B4B /* Pods-Gravity.release.xcconfig */;
			buildSettings = {
				ASSETCATALOG_COMPILER_APPICON_NAME = AppIcon;
				FRAMEWORK_SEARCH_PATHS = (
					"$(inherited)",
					"$(PROJECT_DIR)",
				);
				GCC_PRECOMPILE_PREFIX_HEADER = YES;
				GCC_PREFIX_HEADER = Gravity/PrefixHeader.pch;
				INFOPLIST_FILE = Gravity/Info.plist;
				LD_RUNPATH_SEARCH_PATHS = "$(inherited) @executable_path/Frameworks";
				PRODUCT_BUNDLE_IDENTIFIER = com.growpixel.gravity;
				PRODUCT_NAME = "$(TARGET_NAME)";
			};
			name = Release;
		};
		DC18287A1BB1D01300997DD2 /* Debug */ = {
			isa = XCBuildConfiguration;
			baseConfigurationReference = 7C3F56E258E485D8CA4B5110 /* Pods-GravityTests.debug.xcconfig */;
			buildSettings = {
				BUNDLE_LOADER = "$(TEST_HOST)";
				INFOPLIST_FILE = GravityTests/Info.plist;
				LD_RUNPATH_SEARCH_PATHS = "$(inherited) @executable_path/Frameworks @loader_path/Frameworks";
				PRODUCT_BUNDLE_IDENTIFIER = com.growpixel.GravityTests;
				PRODUCT_NAME = "$(TARGET_NAME)";
				TEST_HOST = "$(BUILT_PRODUCTS_DIR)/Gravity.app/Gravity";
			};
			name = Debug;
		};
		DC18287B1BB1D01300997DD2 /* Release */ = {
			isa = XCBuildConfiguration;
			baseConfigurationReference = AEA7947AD685A68618C1FB6D /* Pods-GravityTests.release.xcconfig */;
			buildSettings = {
				BUNDLE_LOADER = "$(TEST_HOST)";
				INFOPLIST_FILE = GravityTests/Info.plist;
				LD_RUNPATH_SEARCH_PATHS = "$(inherited) @executable_path/Frameworks @loader_path/Frameworks";
				PRODUCT_BUNDLE_IDENTIFIER = com.growpixel.GravityTests;
				PRODUCT_NAME = "$(TARGET_NAME)";
				TEST_HOST = "$(BUILT_PRODUCTS_DIR)/Gravity.app/Gravity";
			};
			name = Release;
		};
		DC18287D1BB1D01300997DD2 /* Debug */ = {
			isa = XCBuildConfiguration;
			baseConfigurationReference = 69C51726814CD18C39BF7F2E /* Pods-GravityUITests.debug.xcconfig */;
			buildSettings = {
				INFOPLIST_FILE = GravityUITests/Info.plist;
				LD_RUNPATH_SEARCH_PATHS = "$(inherited) @executable_path/Frameworks @loader_path/Frameworks";
				PRODUCT_BUNDLE_IDENTIFIER = com.growpixel.GravityUITests;
				PRODUCT_NAME = "$(TARGET_NAME)";
				TEST_TARGET_NAME = Gravity;
				USES_XCTRUNNER = YES;
			};
			name = Debug;
		};
		DC18287E1BB1D01300997DD2 /* Release */ = {
			isa = XCBuildConfiguration;
			baseConfigurationReference = 3DA70EB5CAEB37B328D50C70 /* Pods-GravityUITests.release.xcconfig */;
			buildSettings = {
				INFOPLIST_FILE = GravityUITests/Info.plist;
				LD_RUNPATH_SEARCH_PATHS = "$(inherited) @executable_path/Frameworks @loader_path/Frameworks";
				PRODUCT_BUNDLE_IDENTIFIER = com.growpixel.GravityUITests;
				PRODUCT_NAME = "$(TARGET_NAME)";
				TEST_TARGET_NAME = Gravity;
				USES_XCTRUNNER = YES;
			};
			name = Release;
		};
/* End XCBuildConfiguration section */

/* Begin XCConfigurationList section */
		DC1828441BB1D01200997DD2 /* Build configuration list for PBXProject "Gravity" */ = {
			isa = XCConfigurationList;
			buildConfigurations = (
				DC1828741BB1D01300997DD2 /* Debug */,
				DC1828751BB1D01300997DD2 /* Release */,
			);
			defaultConfigurationIsVisible = 0;
			defaultConfigurationName = Release;
		};
		DC1828761BB1D01300997DD2 /* Build configuration list for PBXNativeTarget "Gravity" */ = {
			isa = XCConfigurationList;
			buildConfigurations = (
				DC1828771BB1D01300997DD2 /* Debug */,
				DC1828781BB1D01300997DD2 /* Release */,
			);
			defaultConfigurationIsVisible = 0;
			defaultConfigurationName = Release;
		};
		DC1828791BB1D01300997DD2 /* Build configuration list for PBXNativeTarget "GravityTests" */ = {
			isa = XCConfigurationList;
			buildConfigurations = (
				DC18287A1BB1D01300997DD2 /* Debug */,
				DC18287B1BB1D01300997DD2 /* Release */,
			);
			defaultConfigurationIsVisible = 0;
			defaultConfigurationName = Release;
		};
		DC18287C1BB1D01300997DD2 /* Build configuration list for PBXNativeTarget "GravityUITests" */ = {
			isa = XCConfigurationList;
			buildConfigurations = (
				DC18287D1BB1D01300997DD2 /* Debug */,
				DC18287E1BB1D01300997DD2 /* Release */,
			);
			defaultConfigurationIsVisible = 0;
			defaultConfigurationName = Release;
		};
/* End XCConfigurationList section */
	};
	rootObject = DC1828411BB1D01200997DD2 /* Project object */;
}
